
Microsoft Visual Studio Solution File, Format Version 12.00
# Visual Studio Version 17
VisualStudioVersion = 17.3.32611.2
MinimumVisualStudioVersion = 10.0.40219.1
Project("{FAE04EC0-301F-11D3-BF4B-00C04F79EFBC}") = "FileObmennik", "FileObmennik\FileObmennik.csproj", "{6893C820-051E-4A36-8BCC-6506D199934E}"
EndProject
Global
	GlobalSection(SolutionConfigurationPlatforms) = preSolution
		Debug|Any CPU = Debug|Any CPU
		Release|Any CPU = Release|Any CPU
	EndGlobalSection
	GlobalSection(ProjectConfigurationPlatforms) = postSolution
		{6893C820-051E-4A36-8BCC-6506D199934E}.Debug|Any CPU.ActiveCfg = Debug|Any CPU
		{6893C820-051E-4A36-8BCC-6506D199934E}.Debug|Any CPU.Build.0 = Debug|Any CPU
		{6893C820-051E-4A36-8BCC-6506D199934E}.Release|Any CPU.ActiveCfg = Release|Any CPU
		{6893C820-051E-4A36-8BCC-6506D199934E}.Release|Any CPU.Build.0 = Release|Any CPU
	EndGlobalSection
	GlobalSection(SolutionProperties) = preSolution
		HideSolutionNode = FALSE
	EndGlobalSection
	GlobalSection(ExtensibilityGlobals) = postSolution
		SolutionGuid = {5287AFB0-0112-4141-89DE-A67B90C7AAA6}
	EndGlobalSection
EndGlobal
